
Microsoft Visual Studio Solution File, Format Version 12.00
# Visual Studio 15
VisualStudioVersion = 15.0.27004.2002
MinimumVisualStudioVersion = 10.0.40219.1
Project("{FAE04EC0-301F-11D3-BF4B-00C04F79EFBC}") = "Project3_ViewBag_Object_CToV", "Project3_ViewBag_Object_CToV\Project3_ViewBag_Object_CToV.csproj", "{BEB20AC1-0F9B-447B-AAA8-7B3A8BFA1EEC}"
EndProject
Global
	GlobalSection(SolutionConfigurationPlatforms) = preSolution
		Debug|Any CPU = Debug|Any CPU
		Release|Any CPU = Release|Any CPU
	EndGlobalSection
	GlobalSection(ProjectConfigurationPlatforms) = postSolution
		{BEB20AC1-0F9B-447B-AAA8-7B3A8BFA1EEC}.Debug|Any CPU.ActiveCfg = Debug|Any CPU
		{BEB20AC1-0F9B-447B-AAA8-7B3A8BFA1EEC}.Debug|Any CPU.Build.0 = Debug|Any CPU
		{BEB20AC1-0F9B-447B-AAA8-7B3A8BFA1EEC}.Release|Any CPU.ActiveCfg = Release|Any CPU
		{BEB20AC1-0F9B-447B-AAA8-7B3A8BFA1EEC}.Release|Any CPU.Build.0 = Release|Any CPU
	EndGlobalSection
	GlobalSection(SolutionProperties) = preSolution
		HideSolutionNode = FALSE
	EndGlobalSection
	GlobalSection(ExtensibilityGlobals) = postSolution
		SolutionGuid = {72220D4B-0C94-4E67-8894-99E0D86C4EE8}
	EndGlobalSection
EndGlobal
