
Microsoft Visual Studio Solution File, Format Version 12.00
# Visual Studio 15
VisualStudioVersion = 15.0.28010.0
MinimumVisualStudioVersion = 10.0.40219.1
Project("{FAE04EC0-301F-11D3-BF4B-00C04F79EFBC}") = "Routing_AspNetCore21", "Routing_AspNetCore21\Routing_AspNetCore21.csproj", "{4FFFBA06-FA1A-4292-83BD-E4D4A37B5478}"
EndProject
Global
	GlobalSection(SolutionConfigurationPlatforms) = preSolution
		Debug|Any CPU = Debug|Any CPU
		Release|Any CPU = Release|Any CPU
	EndGlobalSection
	GlobalSection(ProjectConfigurationPlatforms) = postSolution
		{4FFFBA06-FA1A-4292-83BD-E4D4A37B5478}.Debug|Any CPU.ActiveCfg = Debug|Any CPU
		{4FFFBA06-FA1A-4292-83BD-E4D4A37B5478}.Debug|Any CPU.Build.0 = Debug|Any CPU
		{4FFFBA06-FA1A-4292-83BD-E4D4A37B5478}.Release|Any CPU.ActiveCfg = Release|Any CPU
		{4FFFBA06-FA1A-4292-83BD-E4D4A37B5478}.Release|Any CPU.Build.0 = Release|Any CPU
	EndGlobalSection
	GlobalSection(SolutionProperties) = preSolution
		HideSolutionNode = FALSE
	EndGlobalSection
	GlobalSection(ExtensibilityGlobals) = postSolution
		SolutionGuid = {DD87F290-85BC-4987-B4E9-2BC9A090AE24}
	EndGlobalSection
EndGlobal
